<?xml version="1.0" encoding="utf-8"?>
<Project ToolsVersion="4.0" xmlns="http://schemas.microsoft.com/developer/msbuild/2003">
  <ItemGroup>
    <ApplicationDefinition Include="App.xaml" />
  </ItemGroup>
  <ItemGroup>
    <Midl Include="App.idl" />
    <Midl Include="ApplicationSettingsPage.idl" />
    <Midl Include="CreateNotePage.idl" />
    <Midl Include="NotesPage.idl" />
    <Midl Include="NoteWidgetDetailsPage.idl" />
    <Midl Include="UserAccountPage.idl" />
  </ItemGroup>
  <ItemGroup>
    <ClCompile Include="pch.cpp" />
    <ClCompile Include="App.cpp" />
    <ClCompile Include="$(GeneratedFilesDir)module.g.cpp" />
    <ClCompile Include="ReactPackageProvider.cpp" />
    <ClCompile Include="AutolinkedNativeModules.g.cpp" />
    <ClCompile Include="ApplicationSettingsPage.cpp" />
    <ClCompile Include="CreateNotePage.cpp" />
    <ClCompile Include="NotesPage.cpp" />
    <ClCompile Include="NoteWidgetDetailsPage.cpp" />
    <ClCompile Include="UserAccountPage.cpp" />
    <ClCompile Include="NativeModules\Repository\NoteModel.cpp" />
    <ClCompile Include="NativeModules\Repository\Repository.cpp" />
  </ItemGroup>
  <ItemGroup>
    <ClInclude Include="pch.h" />
    <ClInclude Include="App.h" />
    <ClInclude Include="ReactPackageProvider.h" />
    <ClInclude Include="AutolinkedNativeModules.g.h" />
    <ClInclude Include="ApplicationSettingsPage.h" />
    <ClInclude Include="CreateNotePage.h" />
    <ClInclude Include="NotesPage.h" />
    <ClInclude Include="NoteWidgetDetailsPage.h" />
    <ClInclude Include="UserAccountPage.h" />
    <ClInclude Include="NativeModules\Repository\NoteModel.hpp" />
    <ClInclude Include="NativeModules\Repository\Repository.hpp" />
    <ClInclude Include="NativeModules\DatabaseHandler.hpp" />
    <ClInclude Include="NativeModules\NoteWidgetClickHandler.hpp" />
    <ClInclude Include="NativeModules\UserAccount\FilePicker.hpp" />
  </ItemGroup>
  <ItemGroup>
    <Image Include="Assets\Wide310x150Logo.scale-200.png">
      <Filter>Assets</Filter>
    </Image>
    <Image Include="Assets\StoreLogo.png">
      <Filter>Assets</Filter>
    </Image>
    <Image Include="Assets\Square150x150Logo.scale-200.png">
      <Filter>Assets</Filter>
    </Image>
    <Image Include="Assets\Square44x44Logo.targetsize-24_altform-unplated.png">
      <Filter>Assets</Filter>
    </Image>
    <Image Include="Assets\Square44x44Logo.scale-200.png">
      <Filter>Assets</Filter>
    </Image>
    <Image Include="Assets\SplashScreen.scale-200.png">
      <Filter>Assets</Filter>
    </Image>
    <Image Include="Assets\LockScreenLogo.scale-200.png">
      <Filter>Assets</Filter>
    </Image>
  </ItemGroup>
  <ItemGroup>
    <AppxManifest Include="Package.appxmanifest" />
  </ItemGroup>
  <ItemGroup>
    <Filter Include="Assets">
      <UniqueIdentifier>{e48dc53e-40b1-40cb-970a-f89935452892}</UniqueIdentifier>
    </Filter>
  </ItemGroup>
  <ItemGroup>
    <None Include="PropertySheet.props" />
    <None Include="packages.config" />
  </ItemGroup>
  <ItemGroup>
    <Text Include="readme.txt" />
  </ItemGroup>
  <ItemGroup>
    <Page Include="MainPage.xaml" />
    <Page Include="ApplicationSettingsPage.xaml" />
    <Page Include="CreateNotePage.xaml" />
    <Page Include="NotesPage.xaml" />
    <Page Include="NoteWidgetDetailsPage.xaml" />
    <Page Include="ToDoListPage.xaml" />
  </ItemGroup>
</Project>